<?xml version="1.0" encoding="utf-8"?>
<Project ToolsVersion="4.0" xmlns="http://schemas.microsoft.com/developer/msbuild/2003">
  <ItemGroup>
    <Filter Include="VS">
      <UniqueIdentifier>{7a4aa1ef-db32-4c44-9836-d1f62191e30e}</UniqueIdentifier>
    </Filter>
    <Filter Include="PS">
      <UniqueIdentifier>{2b704e0b-135f-4f6a-8380-1e837387e691}</UniqueIdentifier>
    </Filter>
    <Filter Include="CS">
      <UniqueIdentifier>{8df758f8-f3c5-450f-a816-5ae39141490b}</UniqueIdentifier>
    </Filter>
    <Filter Include="GS">
      <UniqueIdentifier>{710b2f57-2596-489b-8944-f3742886b820}</UniqueIdentifier>
    </Filter>
  </ItemGroup>
  <ItemGroup>
    <FxCompile Include="$(MSBuildThisFileDirectory)TriangleVS.hlsl">
      <Filter>VS</Filter>
    </FxCompile>
    <FxCompile Include="$(MSBuildThisFileDirectory)TrianglePS.hlsl">
      <Filter>PS</Filter>
    </FxCompile>
    <FxCompile Include="$(MSBuildThisFileDirectory)SpritePS.hlsl">
      <Filter>PS</Filter>
    </FxCompile>
    <FxCompile Include="$(MSBuildThisFileDirectory)SpriteVS.hlsl">
      <Filter>VS</Filter>
    </FxCompile>
    <FxCompile Include="$(MSBuildThisFileDirectory)GridVS.hlsl">
      <Filter>VS</Filter>
    </FxCompile>
    <FxCompile Include="$(MSBuildThisFileDirectory)GridPS.hlsl">
      <Filter>PS</Filter>
    </FxCompile>
    <FxCompile Include="$(MSBuildThisFileDirectory)DebugVS.hlsl">
      <Filter>VS</Filter>
    </FxCompile>
    <FxCompile Include="$(MSBuildThisFileDirectory)DebugPS.hlsl">
      <Filter>PS</Filter>
    </FxCompile>
    <FxCompile Include="$(MSBuildThisFileDirectory)SpriteAnimationVS.hlsl">
      <Filter>VS</Filter>
    </FxCompile>
    <FxCompile Include="$(MSBuildThisFileDirectory)SpriteAnimationPS.hlsl">
      <Filter>PS</Filter>
    </FxCompile>
    <FxCompile Include="$(MSBuildThisFileDirectory)PaintCS.hlsl">
      <Filter>CS</Filter>
    </FxCompile>
    <FxCompile Include="$(MSBuildThisFileDirectory)ParticleVS.hlsl">
      <Filter>VS</Filter>
    </FxCompile>
    <FxCompile Include="$(MSBuildThisFileDirectory)ParticlePS.hlsl">
      <Filter>PS</Filter>
    </FxCompile>
    <FxCompile Include="$(MSBuildThisFileDirectory)ParticleGS.hlsl">
      <Filter>GS</Filter>
    </FxCompile>
  </ItemGroup>
  <ItemGroup>
    <None Include="$(MSBuildThisFileDirectory)globals.hlsli" />
  </ItemGroup>
</Project>